
Microsoft Visual Studio Solution File, Format Version 12.00
# Visual Studio Version 17
VisualStudioVersion = 17.6.33829.357
MinimumVisualStudioVersion = 10.0.40219.1
Project("{FAE04EC0-301F-11D3-BF4B-00C04F79EFBC}") = "Task5", "Task5.csproj", "{F736A1A3-4585-49D2-8DBF-3D8CC2FE700E}"
EndProject
Global
	GlobalSection(SolutionConfigurationPlatforms) = preSolution
		Debug|Any CPU = Debug|Any CPU
		Release|Any CPU = Release|Any CPU
	EndGlobalSection
	GlobalSection(ProjectConfigurationPlatforms) = postSolution
		{F736A1A3-4585-49D2-8DBF-3D8CC2FE700E}.Debug|Any CPU.ActiveCfg = Debug|Any CPU
		{F736A1A3-4585-49D2-8DBF-3D8CC2FE700E}.Debug|Any CPU.Build.0 = Debug|Any CPU
		{F736A1A3-4585-49D2-8DBF-3D8CC2FE700E}.Release|Any CPU.ActiveCfg = Release|Any CPU
		{F736A1A3-4585-49D2-8DBF-3D8CC2FE700E}.Release|Any CPU.Build.0 = Release|Any CPU
	EndGlobalSection
	GlobalSection(SolutionProperties) = preSolution
		HideSolutionNode = FALSE
	EndGlobalSection
	GlobalSection(ExtensibilityGlobals) = postSolution
		SolutionGuid = {476C4A71-8248-4E1F-9DD6-80B9067B4FB9}
	EndGlobalSection
EndGlobal
